
Microsoft Visual Studio Solution File, Format Version 12.00
# Visual Studio Version 17
VisualStudioVersion = 17.1.32228.430
MinimumVisualStudioVersion = 10.0.40219.1
Project("{FAE04EC0-301F-11D3-BF4B-00C04F79EFBC}") = "FunctionalPractice", "FunctionalPractice.csproj", "{40A46D5E-F8E8-4952-A57B-01A214C11538}"
EndProject
Global
	GlobalSection(SolutionConfigurationPlatforms) = preSolution
		Debug|Any CPU = Debug|Any CPU
		Release|Any CPU = Release|Any CPU
	EndGlobalSection
	GlobalSection(ProjectConfigurationPlatforms) = postSolution
		{40A46D5E-F8E8-4952-A57B-01A214C11538}.Debug|Any CPU.ActiveCfg = Debug|Any CPU
		{40A46D5E-F8E8-4952-A57B-01A214C11538}.Debug|Any CPU.Build.0 = Debug|Any CPU
		{40A46D5E-F8E8-4952-A57B-01A214C11538}.Release|Any CPU.ActiveCfg = Release|Any CPU
		{40A46D5E-F8E8-4952-A57B-01A214C11538}.Release|Any CPU.Build.0 = Release|Any CPU
	EndGlobalSection
	GlobalSection(SolutionProperties) = preSolution
		HideSolutionNode = FALSE
	EndGlobalSection
	GlobalSection(ExtensibilityGlobals) = postSolution
		SolutionGuid = {9A20CE6B-79F3-4207-8A8D-8ABBE142BEC9}
	EndGlobalSection
EndGlobal
